
Microsoft Visual Studio Solution File, Format Version 12.00
# Visual Studio Version 17
VisualStudioVersion = 17.3.32929.385
MinimumVisualStudioVersion = 10.0.40219.1
Project("{FAE04EC0-301F-11D3-BF4B-00C04F79EFBC}") = "Homeworkloops3", "Homeworkloops3\Homeworkloops3.csproj", "{DE83C18A-F6D2-46D2-A607-5170562D64CF}"
EndProject
Global
	GlobalSection(SolutionConfigurationPlatforms) = preSolution
		Debug|Any CPU = Debug|Any CPU
		Release|Any CPU = Release|Any CPU
	EndGlobalSection
	GlobalSection(ProjectConfigurationPlatforms) = postSolution
		{DE83C18A-F6D2-46D2-A607-5170562D64CF}.Debug|Any CPU.ActiveCfg = Debug|Any CPU
		{DE83C18A-F6D2-46D2-A607-5170562D64CF}.Debug|Any CPU.Build.0 = Debug|Any CPU
		{DE83C18A-F6D2-46D2-A607-5170562D64CF}.Release|Any CPU.ActiveCfg = Release|Any CPU
		{DE83C18A-F6D2-46D2-A607-5170562D64CF}.Release|Any CPU.Build.0 = Release|Any CPU
	EndGlobalSection
	GlobalSection(SolutionProperties) = preSolution
		HideSolutionNode = FALSE
	EndGlobalSection
	GlobalSection(ExtensibilityGlobals) = postSolution
		SolutionGuid = {34AEEF90-3CEE-481B-A4EE-0A85F13C0E75}
	EndGlobalSection
EndGlobal
